<?xml version="1.0" encoding="utf-8"?>
<Project ToolsVersion="4.0" xmlns="http://schemas.microsoft.com/developer/msbuild/2003">
  <ItemGroup>
    <Filter Include="源文件">
      <UniqueIdentifier>{4FC737F1-C7A5-4376-A066-2A32D752A2FF}</UniqueIdentifier>
      <Extensions>cpp;c;cc;cxx;def;odl;idl;hpj;bat;asm;asmx</Extensions>
    </Filter>
    <Filter Include="头文件">
      <UniqueIdentifier>{93995380-89BD-4b04-88EB-625FBE52EBFB}</UniqueIdentifier>
      <Extensions>h;hh;hpp;hxx;hm;inl;inc;ipp;xsd</Extensions>
    </Filter>
    <Filter Include="资源文件">
      <UniqueIdentifier>{67DA6AB6-F800-4c08-8B7A-83BB121AAD01}</UniqueIdentifier>
      <Extensions>rc;ico;cur;bmp;dlg;rc2;rct;bin;rgs;gif;jpg;jpeg;jpe;resx;tiff;tif;png;wav;mfcribbon-ms</Extensions>
    </Filter>
  </ItemGroup>
  <ItemGroup>
    <ClInclude Include="Source\Engine\Core\Application.h">
      <Filter>头文件</Filter>
    </ClInclude>
    <ClInclude Include="Source\Engine\Core\EntryPoint.h">
      <Filter>头文件</Filter>
    </ClInclude>
    <ClInclude Include="Source\Engine\Platform\OpenGL\Window\OpenGLWindow.h">
      <Filter>头文件</Filter>
    </ClInclude>
    <ClInclude Include="External\glad\include\glad\glad.h">
      <Filter>头文件</Filter>
    </ClInclude>
    <ClInclude Include="External\glad\include\KHR\khrplatform.h">
      <Filter>头文件</Filter>
    </ClInclude>
    <ClInclude Include="Source\Engine\Core\Layer\Layer.h">
      <Filter>头文件</Filter>
    </ClInclude>
    <ClInclude Include="Source\Engine\Core\Layer\LayerStack.h">
      <Filter>头文件</Filter>
    </ClInclude>
    <ClInclude Include="Source\Engine\Core\Events\ApplicationEvent.h">
      <Filter>头文件</Filter>
    </ClInclude>
    <ClInclude Include="Source\Engine\Core\Events\Event.h">
      <Filter>头文件</Filter>
    </ClInclude>
    <ClInclude Include="Source\Engine\Core\Events\KeyEvent.h">
      <Filter>头文件</Filter>
    </ClInclude>
    <ClInclude Include="Source\Engine\Core\Events\MouseEvent.h">
      <Filter>头文件</Filter>
    </ClInclude>
    <ClInclude Include="Source\Engine\Core\Input\Input.h">
      <Filter>头文件</Filter>
    </ClInclude>
    <ClInclude Include="Source\Engine\Core\Input\KeyCode.h">
      <Filter>头文件</Filter>
    </ClInclude>
    <ClInclude Include="Source\Engine\Core\Input\MouseCode.h">
      <Filter>头文件</Filter>
    </ClInclude>
    <ClInclude Include="Source\Engine\Core\Input\OpenGLInput.h">
      <Filter>头文件</Filter>
    </ClInclude>
    <ClInclude Include="Source\Engine\Core\Window\Window.h">
      <Filter>头文件</Filter>
    </ClInclude>
    <ClInclude Include="Source\Engine\Render\RenderAPI.h">
      <Filter>头文件</Filter>
    </ClInclude>
    <ClInclude Include="Source\Engine\Render\RenderCommand.h">
      <Filter>头文件</Filter>
    </ClInclude>
    <ClInclude Include="Source\Engine\Render\Renderer.h">
      <Filter>头文件</Filter>
    </ClInclude>
    <ClInclude Include="Source\Engine\Platform\OpenGL\Render\RenderAPI_GL.h">
      <Filter>头文件</Filter>
    </ClInclude>
    <ClInclude Include="Source\Engine\Render\Buffer\BufferLayout.h">
      <Filter>头文件</Filter>
    </ClInclude>
    <ClInclude Include="Source\Engine\Render\Buffer\FrameBuffer.h">
      <Filter>头文件</Filter>
    </ClInclude>
    <ClInclude Include="Source\Engine\Render\Buffer\IndexBuffer.h">
      <Filter>头文件</Filter>
    </ClInclude>
    <ClInclude Include="Source\Engine\Render\Buffer\UniformBuffer.h">
      <Filter>头文件</Filter>
    </ClInclude>
    <ClInclude Include="Source\Engine\Render\Buffer\VertexArray.h">
      <Filter>头文件</Filter>
    </ClInclude>
    <ClInclude Include="Source\Engine\Render\Buffer\VertexBuffer.h">
      <Filter>头文件</Filter>
    </ClInclude>
    <ClInclude Include="Source\Engine\Platform\OpenGL\Render\Buffer\UniformBuffer_GL.h">
      <Filter>头文件</Filter>
    </ClInclude>
    <ClInclude Include="Source\Engine\Platform\OpenGL\Render\Buffer\FrameBuffer_GL.h">
      <Filter>头文件</Filter>
    </ClInclude>
    <ClInclude Include="Source\Engine\Render\Shader\Shader.h">
      <Filter>头文件</Filter>
    </ClInclude>
    <ClInclude Include="Source\Engine\Platform\OpenGL\Render\Shader\Shader_GL.h">
      <Filter>头文件</Filter>
    </ClInclude>
    <ClInclude Include="External\stb_image\stb_image.h">
      <Filter>头文件</Filter>
    </ClInclude>
    <ClInclude Include="Source\Engine\Graphic\Node\Model\ModelMeshNode.h">
      <Filter>头文件</Filter>
    </ClInclude>
    <ClInclude Include="Source\Engine\Graphic\Node\Model\StaticMeshNode.h">
      <Filter>头文件</Filter>
    </ClInclude>
    <ClInclude Include="Source\Engine\Graphic\Node\NodeComponent\MeshNodeComponent.h">
      <Filter>头文件</Filter>
    </ClInclude>
    <ClInclude Include="Source\Engine\Graphic\Node\NodeComponent\NodeComponent.h">
      <Filter>头文件</Filter>
    </ClInclude>
    <ClInclude Include="Source\Engine\Graphic\Node\NodeComponent\StaticMeshNodeComponent.h">
      <Filter>头文件</Filter>
    </ClInclude>
    <ClInclude Include="Source\Engine\Graphic\Node\Geometry.h">
      <Filter>头文件</Filter>
    </ClInclude>
    <ClInclude Include="Source\Engine\Graphic\Node\GeometryNode.h">
      <Filter>头文件</Filter>
    </ClInclude>
    <ClInclude Include="Source\Engine\Graphic\Node\MeshNode.h">
      <Filter>头文件</Filter>
    </ClInclude>
    <ClInclude Include="Source\Engine\Graphic\Node\Node.h">
      <Filter>头文件</Filter>
    </ClInclude>
    <ClInclude Include="Source\Engine\Graphic\Node\Mesh\Mesh.h">
      <Filter>头文件</Filter>
    </ClInclude>
    <ClInclude Include="Source\Engine\Graphic\Object.h">
      <Filter>头文件</Filter>
    </ClInclude>
    <ClInclude Include="Source\Engine\Graphic\Spatial.h">
      <Filter>头文件</Filter>
    </ClInclude>
    <ClInclude Include="Source\Engine\Graphic\Transform.h">
      <Filter>头文件</Filter>
    </ClInclude>
    <ClInclude Include="Source\Engine\Graphic\Resource\Resource.h">
      <Filter>头文件</Filter>
    </ClInclude>
    <ClInclude Include="Source\Engine\Graphic\Resource\ResourceManager.h">
      <Filter>头文件</Filter>
    </ClInclude>
    <ClInclude Include="Source\Engine\Graphic\Node\NodeComponent\Camera\Camera.h">
      <Filter>头文件</Filter>
    </ClInclude>
    <ClInclude Include="Source\Engine\Graphic\World\Actor\Actor.h">
      <Filter>头文件</Filter>
    </ClInclude>
    <ClInclude Include="Source\Engine\Graphic\Stream\Property.h">
      <Filter>头文件</Filter>
    </ClInclude>
    <ClInclude Include="Source\Engine\Graphic\Stream\Rtti.h">
      <Filter>头文件</Filter>
    </ClInclude>
    <ClInclude Include="Source\Engine\Graphic\Stream\StreamUtil.h">
      <Filter>头文件</Filter>
    </ClInclude>
    <ClInclude Include="Source\Engine\Graphic\Stream\Stream.h">
      <Filter>头文件</Filter>
    </ClInclude>
    <ClInclude Include="Source\Engine\Graphic\CustomArchiveObject.h">
      <Filter>头文件</Filter>
    </ClInclude>
    <ClInclude Include="Source\Engine\Graphic\Priority.h">
      <Filter>头文件</Filter>
    </ClInclude>
    <ClInclude Include="Source\Engine\Render\Buffer\DataBuffer.h">
      <Filter>头文件</Filter>
    </ClInclude>
    <ClInclude Include="Source\Engine\Core\EngineMain.h">
      <Filter>头文件</Filter>
    </ClInclude>
    <ClInclude Include="Source\Engine\Graphic\World\Actor\StaticActor.h">
      <Filter>头文件</Filter>
    </ClInclude>
    <ClInclude Include="Source\Engine\Graphic\World\Actor\CameraActor.h">
      <Filter>头文件</Filter>
    </ClInclude>
    <ClInclude Include="Source\Engine\Graphic\World\Actor\EditorCameraActor.h">
      <Filter>头文件</Filter>
    </ClInclude>
    <ClInclude Include="Source\Engine\Render\RenderState\SamplerState.h">
      <Filter>头文件</Filter>
    </ClInclude>
    <ClInclude Include="Source\Engine\Graphic\Stream\EnumTrans.h">
      <Filter>头文件</Filter>
    </ClInclude>
    <ClInclude Include="Source\Engine\Render\Texture\TextureAllState.h">
      <Filter>头文件</Filter>
    </ClInclude>
    <ClInclude Include="Source\Engine\Render\RenderResource\ResourceBind.h">
      <Filter>头文件</Filter>
    </ClInclude>
    <ClInclude Include="Source\Engine\Render\RenderResource\RenderResource.h">
      <Filter>头文件</Filter>
    </ClInclude>
    <ClInclude Include="Source\Engine\Core\FRMath.h">
      <Filter>头文件</Filter>
    </ClInclude>
    <ClInclude Include="Source\Engine\Render\Texture\FRTexture.h">
      <Filter>头文件</Filter>
    </ClInclude>
    <ClInclude Include="Source\Engine\Core\CoreMarco.h">
      <Filter>头文件</Filter>
    </ClInclude>
    <ClInclude Include="External\GLFW\include\GLFW\glfw3.h">
      <Filter>头文件</Filter>
    </ClInclude>
    <ClInclude Include="External\GLFW\include\GLFW\glfw3native.h">
      <Filter>头文件</Filter>
    </ClInclude>
    <ClInclude Include="Source\Engine\Graphic\World\Scene\Scene.h">
      <Filter>头文件</Filter>
    </ClInclude>
    <ClInclude Include="Source\Engine\Graphic\World\Scene\SceneManager.h">
      <Filter>头文件</Filter>
    </ClInclude>
    <ClInclude Include="Source\Engine\Graphic\World\SceneMap.h">
      <Filter>头文件</Filter>
    </ClInclude>
    <ClInclude Include="Source\Engine\Graphic\World\World.h">
      <Filter>头文件</Filter>
    </ClInclude>
    <ClInclude Include="Source\Engine\Render\Texture\TextureCubeMap.h">
      <Filter>头文件</Filter>
    </ClInclude>
    <ClInclude Include="Source\Engine\Graphic\World\Actor\SkyBox.h">
      <Filter>头文件</Filter>
    </ClInclude>
    <ClInclude Include="Source\Engine\Imgui\imgui_impl_glfw.h">
      <Filter>头文件</Filter>
    </ClInclude>
    <ClInclude Include="Source\Engine\Imgui\imgui_impl_opengl3.h">
      <Filter>头文件</Filter>
    </ClInclude>
    <ClInclude Include="Source\Engine\Imgui\imgui_impl_opengl3_loader.h">
      <Filter>头文件</Filter>
    </ClInclude>
    <ClInclude Include="Source\Engine\Core\Layer\ImguiLayer.h">
      <Filter>头文件</Filter>
    </ClInclude>
    <ClInclude Include="Source\Engine\Graphic\Material\Material.h">
      <Filter>头文件</Filter>
    </ClInclude>
    <ClInclude Include="Source\Engine\Graphic\Node\Model\Skeleton.h">
      <Filter>头文件</Filter>
    </ClInclude>
    <ClInclude Include="Source\Engine\Graphic\Node\Model\Bone.h">
      <Filter>头文件</Filter>
    </ClInclude>
    <ClInclude Include="Source\Engine\Graphic\Node\Model\SkeletonMeshNode.h">
      <Filter>头文件</Filter>
    </ClInclude>
    <ClInclude Include="Source\Engine\Graphic\Node\NodeComponent\SkeletonMeshComponent.h">
      <Filter>头文件</Filter>
    </ClInclude>
    <ClInclude Include="Source\Engine\Graphic\Anim\Animation.h">
      <Filter>头文件</Filter>
    </ClInclude>
    <ClInclude Include="Source\Engine\Core\Events\Delegate.h">
      <Filter>头文件</Filter>
    </ClInclude>
    <ClInclude Include="Source\Engine\Graphic\Controller\Controller.h">
      <Filter>头文件</Filter>
    </ClInclude>
    <ClInclude Include="Source\Engine\Graphic\Controller\TimeEvent.h">
      <Filter>头文件</Filter>
    </ClInclude>
    <ClInclude Include="Source\Engine\Graphic\Anim\AnimAtom.h">
      <Filter>头文件</Filter>
    </ClInclude>
    <ClInclude Include="Source\Engine\Graphic\Anim\AnimFunction.h">
      <Filter>头文件</Filter>
    </ClInclude>
    <ClInclude Include="Source\Engine\Graphic\Anim\AnimSequenceFunc.h">
      <Filter>头文件</Filter>
    </ClInclude>
    <ClInclude Include="Source\Engine\Graphic\Controller\FreeCameraController.h">
      <Filter>头文件</Filter>
    </ClInclude>
  </ItemGroup>
  <ItemGroup>
    <ClCompile Include="Source\Engine\Core\Application.cpp">
      <Filter>源文件</Filter>
    </ClCompile>
    <ClCompile Include="Source\Engine\Core\Window\Window.cpp">
      <Filter>源文件</Filter>
    </ClCompile>
    <ClCompile Include="Source\Engine\Platform\OpenGL\Window\OpenGLWindow.cpp">
      <Filter>源文件</Filter>
    </ClCompile>
    <ClCompile Include="External\glad\src\glad.c">
      <Filter>源文件</Filter>
    </ClCompile>
    <ClCompile Include="Source\Engine\Core\Layer\Layer.cpp">
      <Filter>源文件</Filter>
    </ClCompile>
    <ClCompile Include="Source\Engine\Core\Layer\LayerStack.cpp">
      <Filter>源文件</Filter>
    </ClCompile>
    <ClCompile Include="Source\Engine\Core\Input\Input.cpp">
      <Filter>源文件</Filter>
    </ClCompile>
    <ClCompile Include="Source\Engine\Core\Input\OpenGLInput.cpp">
      <Filter>源文件</Filter>
    </ClCompile>
    <ClCompile Include="Source\Engine\Render\RenderAPI.cpp">
      <Filter>源文件</Filter>
    </ClCompile>
    <ClCompile Include="Source\Engine\Render\RenderCommand.cpp">
      <Filter>源文件</Filter>
    </ClCompile>
    <ClCompile Include="Source\Engine\Render\Renderer.cpp">
      <Filter>源文件</Filter>
    </ClCompile>
    <ClCompile Include="Source\Engine\Platform\OpenGL\Render\RenderAPI_GL.cpp">
      <Filter>源文件</Filter>
    </ClCompile>
    <ClCompile Include="Source\Engine\Render\Buffer\BufferLayout.cpp">
      <Filter>源文件</Filter>
    </ClCompile>
    <ClCompile Include="Source\Engine\Render\Buffer\FrameBuffer.cpp">
      <Filter>源文件</Filter>
    </ClCompile>
    <ClCompile Include="Source\Engine\Render\Buffer\IndexBuffer.cpp">
      <Filter>源文件</Filter>
    </ClCompile>
    <ClCompile Include="Source\Engine\Render\Buffer\UniformBuffer.cpp">
      <Filter>源文件</Filter>
    </ClCompile>
    <ClCompile Include="Source\Engine\Render\Buffer\VertexArray.cpp">
      <Filter>源文件</Filter>
    </ClCompile>
    <ClCompile Include="Source\Engine\Render\Buffer\VertexBuffer.cpp">
      <Filter>源文件</Filter>
    </ClCompile>
    <ClCompile Include="Source\Engine\Platform\OpenGL\Render\Buffer\FrameBuffer_GL.cpp">
      <Filter>源文件</Filter>
    </ClCompile>
    <ClCompile Include="Source\Engine\Platform\OpenGL\Render\Buffer\UniformBuffer_GL.cpp">
      <Filter>源文件</Filter>
    </ClCompile>
    <ClCompile Include="Source\Engine\Render\Shader\Shader.cpp">
      <Filter>源文件</Filter>
    </ClCompile>
    <ClCompile Include="Source\Engine\Platform\OpenGL\Render\Shader\Shader_GL.cpp">
      <Filter>源文件</Filter>
    </ClCompile>
    <ClCompile Include="External\stb_image\stb_image.cpp">
      <Filter>源文件</Filter>
    </ClCompile>
    <ClCompile Include="Source\Engine\Graphic\Node\Model\ModelMeshNode.cpp">
      <Filter>源文件</Filter>
    </ClCompile>
    <ClCompile Include="Source\Engine\Graphic\Node\Model\StaticMeshNode.cpp">
      <Filter>源文件</Filter>
    </ClCompile>
    <ClCompile Include="Source\Engine\Graphic\Node\NodeComponent\MeshNodeComponent.cpp">
      <Filter>源文件</Filter>
    </ClCompile>
    <ClCompile Include="Source\Engine\Graphic\Node\NodeComponent\NodeComponent.cpp">
      <Filter>源文件</Filter>
    </ClCompile>
    <ClCompile Include="Source\Engine\Graphic\Node\NodeComponent\StaticMeshNodeComponent.cpp">
      <Filter>源文件</Filter>
    </ClCompile>
    <ClCompile Include="Source\Engine\Graphic\Node\Geometry.cpp">
      <Filter>源文件</Filter>
    </ClCompile>
    <ClCompile Include="Source\Engine\Graphic\Node\GeometryNode.cpp">
      <Filter>源文件</Filter>
    </ClCompile>
    <ClCompile Include="Source\Engine\Graphic\Node\MeshNode.cpp">
      <Filter>源文件</Filter>
    </ClCompile>
    <ClCompile Include="Source\Engine\Graphic\Node\Node.cpp">
      <Filter>源文件</Filter>
    </ClCompile>
    <ClCompile Include="Source\Engine\Graphic\Node\Mesh\Mesh.cpp">
      <Filter>源文件</Filter>
    </ClCompile>
    <ClCompile Include="Source\Engine\Graphic\Object.cpp">
      <Filter>源文件</Filter>
    </ClCompile>
    <ClCompile Include="Source\Engine\Graphic\Spatial.cpp">
      <Filter>源文件</Filter>
    </ClCompile>
    <ClCompile Include="Source\Engine\Graphic\Transform.cpp">
      <Filter>源文件</Filter>
    </ClCompile>
    <ClCompile Include="Source\Engine\Graphic\Resource\Resource.cpp">
      <Filter>源文件</Filter>
    </ClCompile>
    <ClCompile Include="Source\Engine\Graphic\Resource\ResourceManager.cpp">
      <Filter>源文件</Filter>
    </ClCompile>
    <ClCompile Include="Source\Engine\Graphic\Node\NodeComponent\Camera\Camera.cpp">
      <Filter>源文件</Filter>
    </ClCompile>
    <ClCompile Include="Source\Engine\Graphic\World\Actor\Actor.cpp">
      <Filter>源文件</Filter>
    </ClCompile>
    <ClCompile Include="Source\Engine\Graphic\Stream\Rtti.cpp">
      <Filter>源文件</Filter>
    </ClCompile>
    <ClCompile Include="Source\Engine\Graphic\Stream\Stream.cpp">
      <Filter>源文件</Filter>
    </ClCompile>
    <ClCompile Include="Source\Engine\Graphic\CustomArchiveObject.cpp">
      <Filter>源文件</Filter>
    </ClCompile>
    <ClCompile Include="Source\Engine\Graphic\Priority.cpp">
      <Filter>源文件</Filter>
    </ClCompile>
    <ClCompile Include="Source\Engine\Render\Buffer\DataBuffer.cpp">
      <Filter>源文件</Filter>
    </ClCompile>
    <ClCompile Include="Source\Engine\Core\EngineMain.cpp">
      <Filter>源文件</Filter>
    </ClCompile>
    <ClCompile Include="Source\Engine\Graphic\World\Actor\StaticActor.cpp">
      <Filter>源文件</Filter>
    </ClCompile>
    <ClCompile Include="Source\Engine\Graphic\World\Actor\CameraActor.cpp">
      <Filter>源文件</Filter>
    </ClCompile>
    <ClCompile Include="Source\Engine\Graphic\World\Actor\EditorCameraActor.cpp">
      <Filter>源文件</Filter>
    </ClCompile>
    <ClCompile Include="Source\Engine\Render\RenderState\SamplerState.cpp">
      <Filter>源文件</Filter>
    </ClCompile>
    <ClCompile Include="Source\Engine\Graphic\Stream\EnumTrans.cpp">
      <Filter>源文件</Filter>
    </ClCompile>
    <ClCompile Include="Source\Engine\Render\Texture\TextureAllState.cpp">
      <Filter>源文件</Filter>
    </ClCompile>
    <ClCompile Include="Source\Engine\Render\RenderResource\RenderResource.cpp">
      <Filter>源文件</Filter>
    </ClCompile>
    <ClCompile Include="Source\Engine\Render\Texture\FRTexture.cpp">
      <Filter>源文件</Filter>
    </ClCompile>
    <ClCompile Include="Source\Engine\Graphic\World\Scene\Scene.cpp">
      <Filter>源文件</Filter>
    </ClCompile>
    <ClCompile Include="Source\Engine\Graphic\World\Scene\SceneManager.cpp">
      <Filter>源文件</Filter>
    </ClCompile>
    <ClCompile Include="Source\Engine\Graphic\World\SceneMap.cpp">
      <Filter>源文件</Filter>
    </ClCompile>
    <ClCompile Include="Source\Engine\Graphic\World\World.cpp">
      <Filter>源文件</Filter>
    </ClCompile>
    <ClCompile Include="Source\Engine\Render\Texture\TextureCubeMap.cpp">
      <Filter>源文件</Filter>
    </ClCompile>
    <ClCompile Include="Source\Engine\Graphic\World\Actor\SkyBox.cpp">
      <Filter>源文件</Filter>
    </ClCompile>
    <ClCompile Include="Source\Engine\Imgui\imgui_impl_glfw.cpp">
      <Filter>源文件</Filter>
    </ClCompile>
    <ClCompile Include="Source\Engine\Imgui\imgui_impl_opengl3.cpp">
      <Filter>源文件</Filter>
    </ClCompile>
    <ClCompile Include="Source\Engine\Core\Layer\ImguiLayer.cpp">
      <Filter>源文件</Filter>
    </ClCompile>
    <ClCompile Include="Source\Engine\Graphic\Material\Material.cpp">
      <Filter>源文件</Filter>
    </ClCompile>
    <ClCompile Include="Source\Engine\Graphic\Node\Model\Bone.cpp">
      <Filter>源文件</Filter>
    </ClCompile>
    <ClCompile Include="Source\Engine\Graphic\Node\Model\Skeleton.cpp">
      <Filter>源文件</Filter>
    </ClCompile>
    <ClCompile Include="Source\Engine\Graphic\Node\Model\SkeletonMeshNode.cpp">
      <Filter>源文件</Filter>
    </ClCompile>
    <ClCompile Include="Source\Engine\Graphic\Node\NodeComponent\SkeletonMeshComponent.cpp">
      <Filter>源文件</Filter>
    </ClCompile>
    <ClCompile Include="Source\Engine\Graphic\Anim\Animation.cpp">
      <Filter>源文件</Filter>
    </ClCompile>
    <ClCompile Include="Source\Engine\Graphic\Controller\Controller.cpp">
      <Filter>源文件</Filter>
    </ClCompile>
    <ClCompile Include="Source\Engine\Graphic\Controller\TimeEvent.cpp">
      <Filter>源文件</Filter>
    </ClCompile>
    <ClCompile Include="Source\Engine\Graphic\Anim\AnimAtom.cpp">
      <Filter>源文件</Filter>
    </ClCompile>
    <ClCompile Include="Source\Engine\Graphic\Anim\AnimFunction.cpp">
      <Filter>源文件</Filter>
    </ClCompile>
    <ClCompile Include="Source\Engine\Graphic\Anim\AnimSequenceFunc.cpp">
      <Filter>源文件</Filter>
    </ClCompile>
    <ClCompile Include="Source\Engine\Graphic\Controller\FreeCameraController.cpp">
      <Filter>源文件</Filter>
    </ClCompile>
  </ItemGroup>
</Project>